Microsoft Visual Studio Solution File, Format Version 12.00
# Visual Studio Version 17
VisualStudioVersion = 17.5.2.0
MinimumVisualStudioVersion = 10.0.40219.1
Project("{FAE04EC0-301F-11D3-BF4B-00C04F79EFBC}") = "Gonzo.Api", "Gonzo.Api.csproj", "{78F052F3-EB2A-85EC-5A67-C3250EEA85AF}"
EndProject
Global
	GlobalSection(SolutionConfigurationPlatforms) = preSolution
		Debug|Any CPU = Debug|Any CPU
		Release|Any CPU = Release|Any CPU
	EndGlobalSection
	GlobalSection(ProjectConfigurationPlatforms) = postSolution
		{78F052F3-EB2A-85EC-5A67-C3250EEA85AF}.Debug|Any CPU.ActiveCfg = Debug|Any CPU
		{78F052F3-EB2A-85EC-5A67-C3250EEA85AF}.Debug|Any CPU.Build.0 = Debug|Any CPU
		{78F052F3-EB2A-85EC-5A67-C3250EEA85AF}.Release|Any CPU.ActiveCfg = Release|Any CPU
		{78F052F3-EB2A-85EC-5A67-C3250EEA85AF}.Release|Any CPU.Build.0 = Release|Any CPU
	EndGlobalSection
	GlobalSection(SolutionProperties) = preSolution
		HideSolutionNode = FALSE
	EndGlobalSection
	GlobalSection(ExtensibilityGlobals) = postSolution
		SolutionGuid = {6A36E638-6B27-453C-A0CE-A3ABE928908A}
	EndGlobalSection
EndGlobal
